
Microsoft Visual Studio Solution File, Format Version 12.00
# Visual Studio Version 16
VisualStudioVersion = 16.0.32106.194
MinimumVisualStudioVersion = 10.0.40219.1
Project("{FAE04EC0-301F-11D3-BF4B-00C04F79EFBC}") = "CSharp_lab2", "CSharp_lab2\CSharp_lab2.csproj", "{930AE7E4-351D-4E86-875A-2202B856FDFF}"
EndProject
Global
	GlobalSection(SolutionConfigurationPlatforms) = preSolution
		Debug|Any CPU = Debug|Any CPU
		Release|Any CPU = Release|Any CPU
	EndGlobalSection
	GlobalSection(ProjectConfigurationPlatforms) = postSolution
		{930AE7E4-351D-4E86-875A-2202B856FDFF}.Debug|Any CPU.ActiveCfg = Debug|Any CPU
		{930AE7E4-351D-4E86-875A-2202B856FDFF}.Debug|Any CPU.Build.0 = Debug|Any CPU
		{930AE7E4-351D-4E86-875A-2202B856FDFF}.Release|Any CPU.ActiveCfg = Release|Any CPU
		{930AE7E4-351D-4E86-875A-2202B856FDFF}.Release|Any CPU.Build.0 = Release|Any CPU
	EndGlobalSection
	GlobalSection(SolutionProperties) = preSolution
		HideSolutionNode = FALSE
	EndGlobalSection
	GlobalSection(ExtensibilityGlobals) = postSolution
		SolutionGuid = {B008EB9D-3E87-45D2-BDB1-4E49045286C9}
	EndGlobalSection
EndGlobal
